// !$*UTF8*$!
{
	archiveVersion = 1;
	classes = {
	};
	objectVersion = 50;
	objects = {

/* Begin PBXBuildFile section */
		7D5FF49623128FAD004BF881 /* AppDelegate.swift in Sources */ = {isa = PBXBuildFile; fileRef = 7D5FF49523128FAD004BF881 /* AppDelegate.swift */; };
		7D5FF49823128FAD004BF881 /* SceneDelegate.swift in Sources */ = {isa = PBXBuildFile; fileRef = 7D5FF49723128FAD004BF881 /* SceneDelegate.swift */; };
		7D5FF49A23128FAD004BF881 /* ContentView.swift in Sources */ = {isa = PBXBuildFile; fileRef = 7D5FF49923128FAD004BF881 /* ContentView.swift */; };
		7D5FF49C23128FAE004BF881 /* Assets.xcassets in Resources */ = {isa = PBXBuildFile; fileRef = 7D5FF49B23128FAE004BF881 /* Assets.xcassets */; };
		7D5FF49F23128FAE004BF881 /* Preview Assets.xcassets in Resources */ = {isa = PBXBuildFile; fileRef = 7D5FF49E23128FAE004BF881 /* Preview Assets.xcassets */; };
		7D5FF4A223128FAE004BF881 /* LaunchScreen.storyboard in Resources */ = {isa = PBXBuildFile; fileRef = 7D5FF4A023128FAE004BF881 /* LaunchScreen.storyboard */; };
		7D5FF4AA2312916A004BF881 /* Model.swift in Sources */ = {isa = PBXBuildFile; fileRef = 7D5FF4A92312916A004BF881 /* Model.swift */; };
/* End PBXBuildFile section */

/* Begin PBXFileReference section */
		7D10C64C2340C5A5003EF983 /* Ledger.playground */ = {isa = PBXFileReference; lastKnownFileType = file.playground; path = Ledger.playground; sourceTree = "<group>"; xcLanguageSpecificationIdentifier = xcode.lang.swift; };
		7D170DE0233E4FD300E60D24 /* signature.playground */ = {isa = PBXFileReference; lastKnownFileType = file.playground; path = signature.playground; sourceTree = "<group>"; xcLanguageSpecificationIdentifier = xcode.lang.swift; };
		7D170DE1233F593F00E60D24 /* Hashing.playground */ = {isa = PBXFileReference; lastKnownFileType = file.playground; path = Hashing.playground; sourceTree = "<group>"; xcLanguageSpecificationIdentifier = xcode.lang.swift; };
		7D28AD8023454F6400D14DC2 /* Symetric Operations.playground */ = {isa = PBXFileReference; lastKnownFileType = file.playground; path = "Symetric Operations.playground"; sourceTree = "<group>"; xcLanguageSpecificationIdentifier = xcode.lang.swift; };
		7D3695C7236226FE00F13F64 /* Puzzle.playground */ = {isa = PBXFileReference; lastKnownFileType = file.playground; path = Puzzle.playground; sourceTree = "<group>"; xcLanguageSpecificationIdentifier = xcode.lang.swift; };
		7D5FF49223128FAD004BF881 /* Reblock.app */ = {isa = PBXFileReference; explicitFileType = wrapper.application; includeInIndex = 0; path = Reblock.app; sourceTree = BUILT_PRODUCTS_DIR; };
		7D5FF49523128FAD004BF881 /* AppDelegate.swift */ = {isa = PBXFileReference; lastKnownFileType = sourcecode.swift; path = AppDelegate.swift; sourceTree = "<group>"; };
		7D5FF49723128FAD004BF881 /* SceneDelegate.swift */ = {isa = PBXFileReference; lastKnownFileType = sourcecode.swift; path = SceneDelegate.swift; sourceTree = "<group>"; };
		7D5FF49923128FAD004BF881 /* ContentView.swift */ = {isa = PBXFileReference; lastKnownFileType = sourcecode.swift; path = ContentView.swift; sourceTree = "<group>"; };
		7D5FF49B23128FAE004BF881 /* Assets.xcassets */ = {isa = PBXFileReference; lastKnownFileType = folder.assetcatalog; path = Assets.xcassets; sourceTree = "<group>"; };
		7D5FF49E23128FAE004BF881 /* Preview Assets.xcassets */ = {isa = PBXFileReference; lastKnownFileType = folder.assetcatalog; path = "Preview Assets.xcassets"; sourceTree = "<group>"; };
		7D5FF4A123128FAE004BF881 /* Base */ = {isa = PBXFileReference; lastKnownFileType = file.storyboard; name = Base; path = Base.lproj/LaunchScreen.storyboard; sourceTree = "<group>"; };
		7D5FF4A323128FAE004BF881 /* Info.plist */ = {isa = PBXFileReference; lastKnownFileType = text.plist.xml; path = Info.plist; sourceTree = "<group>"; };
		7D5FF4A92312916A004BF881 /* Model.swift */ = {isa = PBXFileReference; lastKnownFileType = sourcecode.swift; path = Model.swift; sourceTree = "<group>"; };
		7DF95CB1234550F200E2D76E /* symmetric.playground */ = {isa = PBXFileReference; lastKnownFileType = file.playground; path = symmetric.playground; sourceTree = "<group>"; xcLanguageSpecificationIdentifier = xcode.lang.swift; };
/* End PBXFileReference section */

/* Begin PBXFrameworksBuildPhase section */
		7D5FF48F23128FAD004BF881 /* Frameworks */ = {
			isa = PBXFrameworksBuildPhase;
			buildActionMask = 2147483647;
			files = (
			);
			runOnlyForDeploymentPostprocessing = 0;
		};
/* End PBXFrameworksBuildPhase section */

/* Begin PBXGroup section */
		7D5FF48923128FAD004BF881 = {
			isa = PBXGroup;
			children = (
				7D5FF49423128FAD004BF881 /* Reblock */,
				7D5FF49323128FAD004BF881 /* Products */,
			);
			sourceTree = "<group>";
		};
		7D5FF49323128FAD004BF881 /* Products */ = {
			isa = PBXGroup;
			children = (
				7D5FF49223128FAD004BF881 /* Reblock.app */,
			);
			name = Products;
			sourceTree = "<group>";
		};
		7D5FF49423128FAD004BF881 /* Reblock */ = {
			isa = PBXGroup;
			children = (
				7D5FF4A92312916A004BF881 /* Model.swift */,
				7D5FF49523128FAD004BF881 /* AppDelegate.swift */,
				7D5FF49723128FAD004BF881 /* SceneDelegate.swift */,
				7D5FF49923128FAD004BF881 /* ContentView.swift */,
				7D5FF49B23128FAE004BF881 /* Assets.xcassets */,
				7D5FF4A023128FAE004BF881 /* LaunchScreen.storyboard */,
				7D5FF4A323128FAE004BF881 /* Info.plist */,
				7D28AD8023454F6400D14DC2 /* Symetric Operations.playground */,
				7D3695C7236226FE00F13F64 /* Puzzle.playground */,
				7D170DE0233E4FD300E60D24 /* signature.playground */,
				7D170DE1233F593F00E60D24 /* Hashing.playground */,
				7D10C64C2340C5A5003EF983 /* Ledger.playground */,
				7DF95CB1234550F200E2D76E /* symmetric.playground */,
				7D5FF49D23128FAE004BF881 /* Preview Content */,
			);
			path = Reblock;
			sourceTree = "<group>";
		};
		7D5FF49D23128FAE004BF881 /* Preview Content */ = {
			isa = PBXGroup;
			children = (
				7D5FF49E23128FAE004BF881 /* Preview Assets.xcassets */,
			);
			path = "Preview Content";
			sourceTree = "<group>";
		};
/* End PBXGroup section */

/* Begin PBXNativeTarget section */
		7D5FF49123128FAD004BF881 /* Reblock */ = {
			isa = PBXNativeTarget;
			buildConfigurationList = 7D5FF4A623128FAE004BF881 /* Build configuration list for PBXNativeTarget "Reblock" */;
			buildPhases = (
				7D5FF48E23128FAD004BF881 /* Sources */,
				7D5FF48F23128FAD004BF881 /* Frameworks */,
				7D5FF49023128FAD004BF881 /* Resources */,
			);
			buildRules = (
			);
			dependencies = (
			);
			name = Reblock;
			productName = Reblock;
			productReference = 7D5FF49223128FAD004BF881 /* Reblock.app */;
			productType = "com.apple.product-type.application";
		};
/* End PBXNativeTarget section */

/* Begin PBXProject section */
		7D5FF48A23128FAD004BF881 /* Project object */ = {
			isa = PBXProject;
			attributes = {
				LastSwiftUpdateCheck = 1100;
				LastUpgradeCheck = 1100;
				ORGANIZATIONNAME = "Antoine Weber";
				TargetAttributes = {
					7D5FF49123128FAD004BF881 = {
						CreatedOnToolsVersion = 11.0;
					};
				};
			};
			buildConfigurationList = 7D5FF48D23128FAD004BF881 /* Build configuration list for PBXProject "Reblock" */;
			compatibilityVersion = "Xcode 9.3";
			developmentRegion = en;
			hasScannedForEncodings = 0;
			knownRegions = (
				en,
				Base,
			);
			mainGroup = 7D5FF48923128FAD004BF881;
			productRefGroup = 7D5FF49323128FAD004BF881 /* Products */;
			projectDirPath = "";
			projectRoot = "";
			targets = (
				7D5FF49123128FAD004BF881 /* Reblock */,
			);
		};
/* End PBXProject section */

/* Begin PBXResourcesBuildPhase section */
		7D5FF49023128FAD004BF881 /* Resources */ = {
			isa = PBXResourcesBuildPhase;
			buildActionMask = 2147483647;
			files = (
				7D5FF4A223128FAE004BF881 /* LaunchScreen.storyboard in Resources */,
				7D5FF49F23128FAE004BF881 /* Preview Assets.xcassets in Resources */,
				7D5FF49C23128FAE004BF881 /* Assets.xcassets in Resources */,
			);
			runOnlyForDeploymentPostprocessing = 0;
		};
/* End PBXResourcesBuildPhase section */

/* Begin PBXSourcesBuildPhase section */
		7D5FF48E23128FAD004BF881 /* Sources */ = {
			isa = PBXSourcesBuildPhase;
			buildActionMask = 2147483647;
			files = (
				7D5FF49623128FAD004BF881 /* AppDelegate.swift in Sources */,
				7D5FF49823128FAD004BF881 /* SceneDelegate.swift in Sources */,
				7D5FF4AA2312916A004BF881 /* Model.swift in Sources */,
				7D5FF49A23128FAD004BF881 /* ContentView.swift in Sources */,
			);
			runOnlyForDeploymentPostprocessing = 0;
		};
/* End PBXSourcesBuildPhase section */

/* Begin PBXVariantGroup section */
		7D5FF4A023128FAE004BF881 /* LaunchScreen.storyboard */ = {
			isa = PBXVariantGroup;
			children = (
				7D5FF4A123128FAE004BF881 /* Base */,
			);
			name = LaunchScreen.storyboard;
			sourceTree = "<group>";
		};
/* End PBXVariantGroup section */

/* Begin XCBuildConfiguration section */
		7D5FF4A423128FAE004BF881 /* Debug */ = {
			isa = XCBuildConfiguration;
			buildSettings = {
				ALWAYS_SEARCH_USER_PATHS = NO;
				CLANG_ANALYZER_NONNULL = YES;
				CLANG_ANALYZER_NUMBER_OBJECT_CONVERSION = YES_AGGRESSIVE;
				CLANG_CXX_LANGUAGE_STANDARD = "gnu++14";
				CLANG_CXX_LIBRARY = "libc++";
				CLANG_ENABLE_MODULES = YES;
				CLANG_ENABLE_OBJC_ARC = YES;
				CLANG_ENABLE_OBJC_WEAK = YES;
				CLANG_WARN_BLOCK_CAPTURE_AUTORELEASING = YES;
				CLANG_WARN_BOOL_CONVERSION = YES;
				CLANG_WARN_COMMA = YES;
				CLANG_WARN_CONSTANT_CONVERSION = YES;
				CLANG_WARN_DEPRECATED_OBJC_IMPLEMENTATIONS = YES;
				CLANG_WARN_DIRECT_OBJC_ISA_USAGE = YES_ERROR;
				CLANG_WARN_DOCUMENTATION_COMMENTS = YES;
				CLANG_WARN_EMPTY_BODY = YES;
				CLANG_WARN_ENUM_CONVERSION = YES;
				CLANG_WARN_INFINITE_RECURSION = YES;
				CLANG_WARN_INT_CONVERSION = YES;
				CLANG_WARN_NON_LITERAL_NULL_CONVERSION = YES;
				CLANG_WARN_OBJC_IMPLICIT_RETAIN_SELF = YES;
				CLANG_WARN_OBJC_LITERAL_CONVERSION = YES;
				CLANG_WARN_OBJC_ROOT_CLASS = YES_ERROR;
				CLANG_WARN_RANGE_LOOP_ANALYSIS = YES;
				CLANG_WARN_STRICT_PROTOTYPES = YES;
				CLANG_WARN_SUSPICIOUS_MOVE = YES;
				CLANG_WARN_UNGUARDED_AVAILABILITY = YES_AGGRESSIVE;
				CLANG_WARN_UNREACHABLE_CODE = YES;
				CLANG_WARN__DUPLICATE_METHOD_MATCH = YES;
				COPY_PHASE_STRIP = NO;
				DEBUG_INFORMATION_FORMAT = dwarf;
				ENABLE_STRICT_OBJC_MSGSEND = YES;
				ENABLE_TESTABILITY = YES;
				GCC_C_LANGUAGE_STANDARD = gnu11;
				GCC_DYNAMIC_NO_PIC = NO;
				GCC_NO_COMMON_BLOCKS = YES;
				GCC_OPTIMIZATION_LEVEL = 0;
				GCC_PREPROCESSOR_DEFINITIONS = (
					"DEBUG=1",
					"$(inherited)",
				);
				GCC_WARN_64_TO_32_BIT_CONVERSION = YES;
				GCC_WARN_ABOUT_RETURN_TYPE = YES_ERROR;
				GCC_WARN_UNDECLARED_SELECTOR = YES;
				GCC_WARN_UNINITIALIZED_AUTOS = YES_AGGRESSIVE;
				GCC_WARN_UNUSED_FUNCTION = YES;
				GCC_WARN_UNUSED_VARIABLE = YES;
				IPHONEOS_DEPLOYMENT_TARGET = 13.0;
				MTL_ENABLE_DEBUG_INFO = INCLUDE_SOURCE;
				MTL_FAST_MATH = YES;
				ONLY_ACTIVE_ARCH = YES;
				SDKROOT = iphoneos;
				SWIFT_ACTIVE_COMPILATION_CONDITIONS = DEBUG;
				SWIFT_OPTIMIZATION_LEVEL = "-Onone";
			};
			name = Debug;
		};
		7D5FF4A523128FAE004BF881 /* Release */ = {
			isa = XCBuildConfiguration;
			buildSettings = {
				ALWAYS_SEARCH_USER_PATHS = NO;
				CLANG_ANALYZER_NONNULL = YES;
				CLANG_ANALYZER_NUMBER_OBJECT_CONVERSION = YES_AGGRESSIVE;
				CLANG_CXX_LANGUAGE_STANDARD = "gnu++14";
				CLANG_CXX_LIBRARY = "libc++";
				CLANG_ENABLE_MODULES = YES;
				CLANG_ENABLE_OBJC_ARC = YES;
				CLANG_ENABLE_OBJC_WEAK = YES;
				CLANG_WARN_BLOCK_CAPTURE_AUTORELEASING = YES;
				CLANG_WARN_BOOL_CONVERSION = YES;
				CLANG_WARN_COMMA = YES;
				CLANG_WARN_CONSTANT_CONVERSION = YES;
				CLANG_WARN_DEPRECATED_OBJC_IMPLEMENTATIONS = YES;
				CLANG_WARN_DIRECT_OBJC_ISA_USAGE = YES_ERROR;
				CLANG_WARN_DOCUMENTATION_COMMENTS = YES;
				CLANG_WARN_EMPTY_BODY = YES;
				CLANG_WARN_ENUM_CONVERSION = YES;
				CLANG_WARN_INFINITE_RECURSION = YES;
				CLANG_WARN_INT_CONVERSION = YES;
				CLANG_WARN_NON_LITERAL_NULL_CONVERSION = YES;
				CLANG_WARN_OBJC_IMPLICIT_RETAIN_SELF = YES;
				CLANG_WARN_OBJC_LITERAL_CONVERSION = YES;
				CLANG_WARN_OBJC_ROOT_CLASS = YES_ERROR;
				CLANG_WARN_RANGE_LOOP_ANALYSIS = YES;
				CLANG_WARN_STRICT_PROTOTYPES = YES;
				CLANG_WARN_SUSPICIOUS_MOVE = YES;
				CLANG_WARN_UNGUARDED_AVAILABILITY = YES_AGGRESSIVE;
				CLANG_WARN_UNREACHABLE_CODE = YES;
				CLANG_WARN__DUPLICATE_METHOD_MATCH = YES;
				COPY_PHASE_STRIP = NO;
				DEBUG_INFORMATION_FORMAT = "dwarf-with-dsym";
				ENABLE_NS_ASSERTIONS = NO;
				ENABLE_STRICT_OBJC_MSGSEND = YES;
				GCC_C_LANGUAGE_STANDARD = gnu11;
				GCC_NO_COMMON_BLOCKS = YES;
				GCC_WARN_64_TO_32_BIT_CONVERSION = YES;
				GCC_WARN_ABOUT_RETURN_TYPE = YES_ERROR;
				GCC_WARN_UNDECLARED_SELECTOR = YES;
				GCC_WARN_UNINITIALIZED_AUTOS = YES_AGGRESSIVE;
				GCC_WARN_UNUSED_FUNCTION = YES;
				GCC_WARN_UNUSED_VARIABLE = YES;
				IPHONEOS_DEPLOYMENT_TARGET = 13.0;
				MTL_ENABLE_DEBUG_INFO = NO;
				MTL_FAST_MATH = YES;
				SDKROOT = iphoneos;
				SWIFT_COMPILATION_MODE = wholemodule;
				SWIFT_OPTIMIZATION_LEVEL = "-O";
				VALIDATE_PRODUCT = YES;
			};
			name = Release;
		};
		7D5FF4A723128FAE004BF881 /* Debug */ = {
			isa = XCBuildConfiguration;
			buildSettings = {
				ASSETCATALOG_COMPILER_APPICON_NAME = AppIcon;
				CODE_SIGN_STYLE = Automatic;
				DEVELOPMENT_ASSET_PATHS = "\"Reblock/Preview Content\"";
				DEVELOPMENT_TEAM = B5G2XX6DXX;
				ENABLE_PREVIEWS = YES;
				INFOPLIST_FILE = Reblock/Info.plist;
				LD_RUNPATH_SEARCH_PATHS = (
					"$(inherited)",
					"@executable_path/Frameworks",
				);
				PRODUCT_BUNDLE_IDENTIFIER = aweb33.Reblock;
				PRODUCT_NAME = "$(TARGET_NAME)";
				SWIFT_VERSION = 5.0;
				TARGETED_DEVICE_FAMILY = "1,2";
			};
			name = Debug;
		};
		7D5FF4A823128FAE004BF881 /* Release */ = {
			isa = XCBuildConfiguration;
			buildSettings = {
				ASSETCATALOG_COMPILER_APPICON_NAME = AppIcon;
				CODE_SIGN_STYLE = Automatic;
				DEVELOPMENT_ASSET_PATHS = "\"Reblock/Preview Content\"";
				DEVELOPMENT_TEAM = B5G2XX6DXX;
				ENABLE_PREVIEWS = YES;
				INFOPLIST_FILE = Reblock/Info.plist;
				LD_RUNPATH_SEARCH_PATHS = (
					"$(inherited)",
					"@executable_path/Frameworks",
				);
				PRODUCT_BUNDLE_IDENTIFIER = aweb33.Reblock;
				PRODUCT_NAME = "$(TARGET_NAME)";
				SWIFT_VERSION = 5.0;
				TARGETED_DEVICE_FAMILY = "1,2";
			};
			name = Release;
		};
/* End XCBuildConfiguration section */

/* Begin XCConfigurationList section */
		7D5FF48D23128FAD004BF881 /* Build configuration list for PBXProject "Reblock" */ = {
			isa = XCConfigurationList;
			buildConfigurations = (
				7D5FF4A423128FAE004BF881 /* Debug */,
				7D5FF4A523128FAE004BF881 /* Release */,
			);
			defaultConfigurationIsVisible = 0;
			defaultConfigurationName = Release;
		};
		7D5FF4A623128FAE004BF881 /* Build configuration list for PBXNativeTarget "Reblock" */ = {
			isa = XCConfigurationList;
			buildConfigurations = (
				7D5FF4A723128FAE004BF881 /* Debug */,
				7D5FF4A823128FAE004BF881 /* Release */,
			);
			defaultConfigurationIsVisible = 0;
			defaultConfigurationName = Release;
		};
/* End XCConfigurationList section */
	};
	rootObject = 7D5FF48A23128FAD004BF881 /* Project object */;
}
